
Microsoft Visual Studio Solution File, Format Version 12.00
# Visual Studio Version 16
VisualStudioVersion = 16.0.31424.327
MinimumVisualStudioVersion = 10.0.40219.1
Project("{9A19103F-16F7-4668-BE54-9A1E7A4F7556}") = "BulgarianRealEstate", "BulgarianRealEstate\BulgarianRealEstate.csproj", "{0D342E03-AD95-409F-8EAB-1C49B2D41757}"
EndProject
Project("{FAE04EC0-301F-11D3-BF4B-00C04F79EFBC}") = "BulgarianRealEstate.Test", "BulgarianRealEstate.Test\BulgarianRealEstate.Test.csproj", "{53245368-5026-4A67-BF78-6F7AC2DA220F}"
EndProject
Global
	GlobalSection(SolutionConfigurationPlatforms) = preSolution
		Debug|Any CPU = Debug|Any CPU
		Release|Any CPU = Release|Any CPU
	EndGlobalSection
	GlobalSection(ProjectConfigurationPlatforms) = postSolution
		{0D342E03-AD95-409F-8EAB-1C49B2D41757}.Debug|Any CPU.ActiveCfg = Debug|Any CPU
		{0D342E03-AD95-409F-8EAB-1C49B2D41757}.Debug|Any CPU.Build.0 = Debug|Any CPU
		{0D342E03-AD95-409F-8EAB-1C49B2D41757}.Release|Any CPU.ActiveCfg = Release|Any CPU
		{0D342E03-AD95-409F-8EAB-1C49B2D41757}.Release|Any CPU.Build.0 = Release|Any CPU
		{53245368-5026-4A67-BF78-6F7AC2DA220F}.Debug|Any CPU.ActiveCfg = Debug|Any CPU
		{53245368-5026-4A67-BF78-6F7AC2DA220F}.Debug|Any CPU.Build.0 = Debug|Any CPU
		{53245368-5026-4A67-BF78-6F7AC2DA220F}.Release|Any CPU.ActiveCfg = Release|Any CPU
		{53245368-5026-4A67-BF78-6F7AC2DA220F}.Release|Any CPU.Build.0 = Release|Any CPU
	EndGlobalSection
	GlobalSection(SolutionProperties) = preSolution
		HideSolutionNode = FALSE
	EndGlobalSection
	GlobalSection(ExtensibilityGlobals) = postSolution
		SolutionGuid = {E3F72C2E-BAFC-4BA0-997D-0A1A07B9E2A3}
	EndGlobalSection
EndGlobal
